
Microsoft Visual Studio Solution File, Format Version 12.00
# Visual Studio Version 17
VisualStudioVersion = 17.1.32210.238
MinimumVisualStudioVersion = 10.0.40219.1
Project("{FAE04EC0-301F-11D3-BF4B-00C04F79EFBC}") = "Assignment2", "Assignment2\Assignment2.csproj", "{F583AF11-EAA5-431A-A514-46B9468F6456}"
EndProject
Global
	GlobalSection(SolutionConfigurationPlatforms) = preSolution
		Debug|Any CPU = Debug|Any CPU
		Release|Any CPU = Release|Any CPU
	EndGlobalSection
	GlobalSection(ProjectConfigurationPlatforms) = postSolution
		{F583AF11-EAA5-431A-A514-46B9468F6456}.Debug|Any CPU.ActiveCfg = Debug|Any CPU
		{F583AF11-EAA5-431A-A514-46B9468F6456}.Debug|Any CPU.Build.0 = Debug|Any CPU
		{F583AF11-EAA5-431A-A514-46B9468F6456}.Release|Any CPU.ActiveCfg = Release|Any CPU
		{F583AF11-EAA5-431A-A514-46B9468F6456}.Release|Any CPU.Build.0 = Release|Any CPU
	EndGlobalSection
	GlobalSection(SolutionProperties) = preSolution
		HideSolutionNode = FALSE
	EndGlobalSection
	GlobalSection(ExtensibilityGlobals) = postSolution
		SolutionGuid = {B88FAF45-59E7-48F3-85BA-584FECA7D3E5}
	EndGlobalSection
EndGlobal
